
Microsoft Visual Studio Solution File, Format Version 12.00
Project("{FAE04EC0-301F-11D3-BF4B-00C04F79EFBC}") = "Core.SourceGenerator.v1", "Core.SourceGenerator.v1\Core.SourceGenerator.v1.csproj", "{7BD257B1-8326-4354-A390-E2112517BC75}"
EndProject
Project("{FAE04EC0-301F-11D3-BF4B-00C04F79EFBC}") = "Core.SourceGenerator.v1.App", "Core.SourceGenerator.v1.App\Core.SourceGenerator.v1.App.csproj", "{540A13CF-5235-4D4F-BF70-1E7DD7247CAE}"
EndProject
Project("{FAE04EC0-301F-11D3-BF4B-00C04F79EFBC}") = "Core.SourceGenerator.v1.App.Background", "Core.SourceGenerator.v1.App.Background\Core.SourceGenerator.v1.App.Background.csproj", "{3DC0086A-97EC-4E73-9E7C-9BD406A622CF}"
EndProject
Global
	GlobalSection(SolutionConfigurationPlatforms) = preSolution
		Debug|Any CPU = Debug|Any CPU
		Release|Any CPU = Release|Any CPU
	EndGlobalSection
	GlobalSection(ProjectConfigurationPlatforms) = postSolution
		{7BD257B1-8326-4354-A390-E2112517BC75}.Debug|Any CPU.ActiveCfg = Debug|Any CPU
		{7BD257B1-8326-4354-A390-E2112517BC75}.Debug|Any CPU.Build.0 = Debug|Any CPU
		{7BD257B1-8326-4354-A390-E2112517BC75}.Release|Any CPU.ActiveCfg = Release|Any CPU
		{7BD257B1-8326-4354-A390-E2112517BC75}.Release|Any CPU.Build.0 = Release|Any CPU
		{540A13CF-5235-4D4F-BF70-1E7DD7247CAE}.Debug|Any CPU.ActiveCfg = Debug|Any CPU
		{540A13CF-5235-4D4F-BF70-1E7DD7247CAE}.Debug|Any CPU.Build.0 = Debug|Any CPU
		{540A13CF-5235-4D4F-BF70-1E7DD7247CAE}.Release|Any CPU.ActiveCfg = Release|Any CPU
		{540A13CF-5235-4D4F-BF70-1E7DD7247CAE}.Release|Any CPU.Build.0 = Release|Any CPU
		{3DC0086A-97EC-4E73-9E7C-9BD406A622CF}.Debug|Any CPU.ActiveCfg = Debug|Any CPU
		{3DC0086A-97EC-4E73-9E7C-9BD406A622CF}.Debug|Any CPU.Build.0 = Debug|Any CPU
		{3DC0086A-97EC-4E73-9E7C-9BD406A622CF}.Release|Any CPU.ActiveCfg = Release|Any CPU
		{3DC0086A-97EC-4E73-9E7C-9BD406A622CF}.Release|Any CPU.Build.0 = Release|Any CPU
	EndGlobalSection
EndGlobal